
Microsoft Visual Studio Solution File, Format Version 12.00
# Visual Studio 15
VisualStudioVersion = 15.0.28307.779
MinimumVisualStudioVersion = 10.0.40219.1
Project("{8BC9CEB8-8B4A-11D0-8D11-00A0C91BC942}") = "BFS_OPENMP", "BFS_OPENMP\BFS_OPENMP.vcxproj", "{6B78C440-4799-43AB-9263-117321D1FE63}"
EndProject
Global
	GlobalSection(SolutionConfigurationPlatforms) = preSolution
		Debug|x64 = Debug|x64
		Debug|x86 = Debug|x86
		Release|x64 = Release|x64
		Release|x86 = Release|x86
	EndGlobalSection
	GlobalSection(ProjectConfigurationPlatforms) = postSolution
		{6B78C440-4799-43AB-9263-117321D1FE63}.Debug|x64.ActiveCfg = Debug|x64
		{6B78C440-4799-43AB-9263-117321D1FE63}.Debug|x64.Build.0 = Debug|x64
		{6B78C440-4799-43AB-9263-117321D1FE63}.Debug|x86.ActiveCfg = Debug|Win32
		{6B78C440-4799-43AB-9263-117321D1FE63}.Debug|x86.Build.0 = Debug|Win32
		{6B78C440-4799-43AB-9263-117321D1FE63}.Release|x64.ActiveCfg = Release|x64
		{6B78C440-4799-43AB-9263-117321D1FE63}.Release|x64.Build.0 = Release|x64
		{6B78C440-4799-43AB-9263-117321D1FE63}.Release|x86.ActiveCfg = Release|Win32
		{6B78C440-4799-43AB-9263-117321D1FE63}.Release|x86.Build.0 = Release|Win32
	EndGlobalSection
	GlobalSection(SolutionProperties) = preSolution
		HideSolutionNode = FALSE
	EndGlobalSection
	GlobalSection(ExtensibilityGlobals) = postSolution
		SolutionGuid = {38DC34A8-D744-498A-ACA4-15043216F016}
	EndGlobalSection
EndGlobal
